// !$*UTF8*$!
{
	archiveVersion = 1;
	classes = {
	};
	objectVersion = 46;
	objects = {

/* Begin PBXBuildFile section */
		2A6EA08F1CFC13AD00480993 /* main.m in Sources */ = {isa = PBXBuildFile; fileRef = 2A6EA08E1CFC13AD00480993 /* main.m */; };
		2A6EA0921CFC13AD00480993 /* AppDelegate.m in Sources */ = {isa = PBXBuildFile; fileRef = 2A6EA0911CFC13AD00480993 /* AppDelegate.m */; };
		2A6EA0951CFC13AD00480993 /* ViewController.m in Sources */ = {isa = PBXBuildFile; fileRef = 2A6EA0941CFC13AD00480993 /* ViewController.m */; };
		2A6EA0981CFC13AD00480993 /* Main.storyboard in Resources */ = {isa = PBXBuildFile; fileRef = 2A6EA0961CFC13AD00480993 /* Main.storyboard */; };
		2A6EA09A1CFC13AD00480993 /* Assets.xcassets in Resources */ = {isa = PBXBuildFile; fileRef = 2A6EA0991CFC13AD00480993 /* Assets.xcassets */; };
		2A6EA09D1CFC13AD00480993 /* LaunchScreen.storyboard in Resources */ = {isa = PBXBuildFile; fileRef = 2A6EA09B1CFC13AD00480993 /* LaunchScreen.storyboard */; };
		2A6EA0A81CFC13AD00480993 /* YKAFNExtensionTests.m in Sources */ = {isa = PBXBuildFile; fileRef = 2A6EA0A71CFC13AD00480993 /* YKAFNExtensionTests.m */; };
		2A6EA0B31CFC13AD00480993 /* YKAFNExtensionUITests.m in Sources */ = {isa = PBXBuildFile; fileRef = 2A6EA0B21CFC13AD00480993 /* YKAFNExtensionUITests.m */; };
		2A6EA0C41CFC13ED00480993 /* Reachability.m in Sources */ = {isa = PBXBuildFile; fileRef = 2A6EA0C11CFC13ED00480993 /* Reachability.m */; };
		2A6EA0C51CFC13ED00480993 /* YKDataTaskManger.m in Sources */ = {isa = PBXBuildFile; fileRef = 2A6EA0C31CFC13ED00480993 /* YKDataTaskManger.m */; };
		2A6EA0D41CFC13FB00480993 /* AFHTTPSessionManager.m in Sources */ = {isa = PBXBuildFile; fileRef = 2A6EA0C81CFC13FB00480993 /* AFHTTPSessionManager.m */; };
		2A6EA0D51CFC13FB00480993 /* AFNetworkReachabilityManager.m in Sources */ = {isa = PBXBuildFile; fileRef = 2A6EA0CB1CFC13FB00480993 /* AFNetworkReachabilityManager.m */; };
		2A6EA0D61CFC13FB00480993 /* AFSecurityPolicy.m in Sources */ = {isa = PBXBuildFile; fileRef = 2A6EA0CD1CFC13FB00480993 /* AFSecurityPolicy.m */; };
		2A6EA0D71CFC13FB00480993 /* AFURLRequestSerialization.m in Sources */ = {isa = PBXBuildFile; fileRef = 2A6EA0CF1CFC13FB00480993 /* AFURLRequestSerialization.m */; };
		2A6EA0D81CFC13FB00480993 /* AFURLResponseSerialization.m in Sources */ = {isa = PBXBuildFile; fileRef = 2A6EA0D11CFC13FB00480993 /* AFURLResponseSerialization.m */; };
		2A6EA0D91CFC13FB00480993 /* AFURLSessionManager.m in Sources */ = {isa = PBXBuildFile; fileRef = 2A6EA0D31CFC13FB00480993 /* AFURLSessionManager.m */; };
/* End PBXBuildFile section */

/* Begin PBXContainerItemProxy section */
		2A6EA0A41CFC13AD00480993 /* PBXContainerItemProxy */ = {
			isa = PBXContainerItemProxy;
			containerPortal = 2A6EA0821CFC13AD00480993 /* Project object */;
			proxyType = 1;
			remoteGlobalIDString = 2A6EA0891CFC13AD00480993;
			remoteInfo = YKAFNExtension;
		};
		2A6EA0AF1CFC13AD00480993 /* PBXContainerItemProxy */ = {
			isa = PBXContainerItemProxy;
			containerPortal = 2A6EA0821CFC13AD00480993 /* Project object */;
			proxyType = 1;
			remoteGlobalIDString = 2A6EA0891CFC13AD00480993;
			remoteInfo = YKAFNExtension;
		};
/* End PBXContainerItemProxy section */

/* Begin PBXFileReference section */
		2A6EA08A1CFC13AD00480993 /* YKAFNExtension.app */ = {isa = PBXFileReference; explicitFileType = wrapper.application; includeInIndex = 0; path = YKAFNExtension.app; sourceTree = BUILT_PRODUCTS_DIR; };
		2A6EA08E1CFC13AD00480993 /* main.m */ = {isa = PBXFileReference; lastKnownFileType = sourcecode.c.objc; path = main.m; sourceTree = "<group>"; };
		2A6EA0901CFC13AD00480993 /* AppDelegate.h */ = {isa = PBXFileReference; lastKnownFileType = sourcecode.c.h; path = AppDelegate.h; sourceTree = "<group>"; };
		2A6EA0911CFC13AD00480993 /* AppDelegate.m */ = {isa = PBXFileReference; lastKnownFileType = sourcecode.c.objc; path = AppDelegate.m; sourceTree = "<group>"; };
		2A6EA0931CFC13AD00480993 /* ViewController.h */ = {isa = PBXFileReference; lastKnownFileType = sourcecode.c.h; path = ViewController.h; sourceTree = "<group>"; };
		2A6EA0941CFC13AD00480993 /* ViewController.m */ = {isa = PBXFileReference; lastKnownFileType = sourcecode.c.objc; path = ViewController.m; sourceTree = "<group>"; };
		2A6EA0971CFC13AD00480993 /* Base */ = {isa = PBXFileReference; lastKnownFileType = file.storyboard; name = Base; path = Base.lproj/Main.storyboard; sourceTree = "<group>"; };
		2A6EA0991CFC13AD00480993 /* Assets.xcassets */ = {isa = PBXFileReference; lastKnownFileType = folder.assetcatalog; path = Assets.xcassets; sourceTree = "<group>"; };
		2A6EA09C1CFC13AD00480993 /* Base */ = {isa = PBXFileReference; lastKnownFileType = file.storyboard; name = Base; path = Base.lproj/LaunchScreen.storyboard; sourceTree = "<group>"; };
		2A6EA09E1CFC13AD00480993 /* Info.plist */ = {isa = PBXFileReference; lastKnownFileType = text.plist.xml; path = Info.plist; sourceTree = "<group>"; };
		2A6EA0A31CFC13AD00480993 /* YKAFNExtensionTests.xctest */ = {isa = PBXFileReference; explicitFileType = wrapper.cfbundle; includeInIndex = 0; path = YKAFNExtensionTests.xctest; sourceTree = BUILT_PRODUCTS_DIR; };
		2A6EA0A71CFC13AD00480993 /* YKAFNExtensionTests.m */ = {isa = PBXFileReference; lastKnownFileType = sourcecode.c.objc; path = YKAFNExtensionTests.m; sourceTree = "<group>"; };
		2A6EA0A91CFC13AD00480993 /* Info.plist */ = {isa = PBXFileReference; lastKnownFileType = text.plist.xml; path = Info.plist; sourceTree = "<group>"; };
		2A6EA0AE1CFC13AD00480993 /* YKAFNExtensionUITests.xctest */ = {isa = PBXFileReference; explicitFileType = wrapper.cfbundle; includeInIndex = 0; path = YKAFNExtensionUITests.xctest; sourceTree = BUILT_PRODUCTS_DIR; };
		2A6EA0B21CFC13AD00480993 /* YKAFNExtensionUITests.m */ = {isa = PBXFileReference; lastKnownFileType = sourcecode.c.objc; path = YKAFNExtensionUITests.m; sourceTree = "<group>"; };
		2A6EA0B41CFC13AD00480993 /* Info.plist */ = {isa = PBXFileReference; lastKnownFileType = text.plist.xml; path = Info.plist; sourceTree = "<group>"; };
		2A6EA0C01CFC13ED00480993 /* Reachability.h */ = {isa = PBXFileReference; fileEncoding = 4; lastKnownFileType = sourcecode.c.h; path = Reachability.h; sourceTree = "<group>"; };
		2A6EA0C11CFC13ED00480993 /* Reachability.m */ = {isa = PBXFileReference; fileEncoding = 4; lastKnownFileType = sourcecode.c.objc; path = Reachability.m; sourceTree = "<group>"; };
		2A6EA0C21CFC13ED00480993 /* YKDataTaskManger.h */ = {isa = PBXFileReference; fileEncoding = 4; lastKnownFileType = sourcecode.c.h; path = YKDataTaskManger.h; sourceTree = "<group>"; };
		2A6EA0C31CFC13ED00480993 /* YKDataTaskManger.m */ = {isa = PBXFileReference; fileEncoding = 4; lastKnownFileType = sourcecode.c.objc; path = YKDataTaskManger.m; sourceTree = "<group>"; };
		2A6EA0C71CFC13FB00480993 /* AFHTTPSessionManager.h */ = {isa = PBXFileReference; fileEncoding = 4; lastKnownFileType = sourcecode.c.h; path = AFHTTPSessionManager.h; sourceTree = "<group>"; };
		2A6EA0C81CFC13FB00480993 /* AFHTTPSessionManager.m */ = {isa = PBXFileReference; fileEncoding = 4; lastKnownFileType = sourcecode.c.objc; path = AFHTTPSessionManager.m; sourceTree = "<group>"; };
		2A6EA0C91CFC13FB00480993 /* AFNetworking.h */ = {isa = PBXFileReference; fileEncoding = 4; lastKnownFileType = sourcecode.c.h; path = AFNetworking.h; sourceTree = "<group>"; };
		2A6EA0CA1CFC13FB00480993 /* AFNetworkReachabilityManager.h */ = {isa = PBXFileReference; fileEncoding = 4; lastKnownFileType = sourcecode.c.h; path = AFNetworkReachabilityManager.h; sourceTree = "<group>"; };
		2A6EA0CB1CFC13FB00480993 /* AFNetworkReachabilityManager.m */ = {isa = PBXFileReference; fileEncoding = 4; lastKnownFileType = sourcecode.c.objc; path = AFNetworkReachabilityManager.m; sourceTree = "<group>"; };
		2A6EA0CC1CFC13FB00480993 /* AFSecurityPolicy.h */ = {isa = PBXFileReference; fileEncoding = 4; lastKnownFileType = sourcecode.c.h; path = AFSecurityPolicy.h; sourceTree = "<group>"; };
		2A6EA0CD1CFC13FB00480993 /* AFSecurityPolicy.m */ = {isa = PBXFileReference; fileEncoding = 4; lastKnownFileType = sourcecode.c.objc; path = AFSecurityPolicy.m; sourceTree = "<group>"; };
		2A6EA0CE1CFC13FB00480993 /* AFURLRequestSerialization.h */ = {isa = PBXFileReference; fileEncoding = 4; lastKnownFileType = sourcecode.c.h; path = AFURLRequestSerialization.h; sourceTree = "<group>"; };
		2A6EA0CF1CFC13FB00480993 /* AFURLRequestSerialization.m */ = {isa = PBXFileReference; fileEncoding = 4; lastKnownFileType = sourcecode.c.objc; path = AFURLRequestSerialization.m; sourceTree = "<group>"; };
		2A6EA0D01CFC13FB00480993 /* AFURLResponseSerialization.h */ = {isa = PBXFileReference; fileEncoding = 4; lastKnownFileType = sourcecode.c.h; path = AFURLResponseSerialization.h; sourceTree = "<group>"; };
		2A6EA0D11CFC13FB00480993 /* AFURLResponseSerialization.m */ = {isa = PBXFileReference; fileEncoding = 4; lastKnownFileType = sourcecode.c.objc; path = AFURLResponseSerialization.m; sourceTree = "<group>"; };
		2A6EA0D21CFC13FB00480993 /* AFURLSessionManager.h */ = {isa = PBXFileReference; fileEncoding = 4; lastKnownFileType = sourcecode.c.h; path = AFURLSessionManager.h; sourceTree = "<group>"; };
		2A6EA0D31CFC13FB00480993 /* AFURLSessionManager.m */ = {isa = PBXFileReference; fileEncoding = 4; lastKnownFileType = sourcecode.c.objc; path = AFURLSessionManager.m; sourceTree = "<group>"; };
/* End PBXFileReference section */

/* Begin PBXFrameworksBuildPhase section */
		2A6EA0871CFC13AD00480993 /* Frameworks */ = {
			isa = PBXFrameworksBuildPhase;
			buildActionMask = 2147483647;
			files = (
			);
			runOnlyForDeploymentPostprocessing = 0;
		};
		2A6EA0A01CFC13AD00480993 /* Frameworks */ = {
			isa = PBXFrameworksBuildPhase;
			buildActionMask = 2147483647;
			files = (
			);
			runOnlyForDeploymentPostprocessing = 0;
		};
		2A6EA0AB1CFC13AD00480993 /* Frameworks */ = {
			isa = PBXFrameworksBuildPhase;
			buildActionMask = 2147483647;
			files = (
			);
			runOnlyForDeploymentPostprocessing = 0;
		};
/* End PBXFrameworksBuildPhase section */

/* Begin PBXGroup section */
		2A6EA0811CFC13AD00480993 = {
			isa = PBXGroup;
			children = (
				2A6EA08C1CFC13AD00480993 /* YKAFNExtension */,
				2A6EA0A61CFC13AD00480993 /* YKAFNExtensionTests */,
				2A6EA0B11CFC13AD00480993 /* YKAFNExtensionUITests */,
				2A6EA08B1CFC13AD00480993 /* Products */,
			);
			sourceTree = "<group>";
		};
		2A6EA08B1CFC13AD00480993 /* Products */ = {
			isa = PBXGroup;
			children = (
				2A6EA08A1CFC13AD00480993 /* YKAFNExtension.app */,
				2A6EA0A31CFC13AD00480993 /* YKAFNExtensionTests.xctest */,
				2A6EA0AE1CFC13AD00480993 /* YKAFNExtensionUITests.xctest */,
			);
			name = Products;
			sourceTree = "<group>";
		};
		2A6EA08C1CFC13AD00480993 /* YKAFNExtension */ = {
			isa = PBXGroup;
			children = (
				2A6EA0DA1CFC140D00480993 /* YKAFNExtension */,
				2A6EA0901CFC13AD00480993 /* AppDelegate.h */,
				2A6EA0911CFC13AD00480993 /* AppDelegate.m */,
				2A6EA0931CFC13AD00480993 /* ViewController.h */,
				2A6EA0941CFC13AD00480993 /* ViewController.m */,
				2A6EA0961CFC13AD00480993 /* Main.storyboard */,
				2A6EA0991CFC13AD00480993 /* Assets.xcassets */,
				2A6EA09B1CFC13AD00480993 /* LaunchScreen.storyboard */,
				2A6EA09E1CFC13AD00480993 /* Info.plist */,
				2A6EA08D1CFC13AD00480993 /* Supporting Files */,
			);
			path = YKAFNExtension;
			sourceTree = "<group>";
		};
		2A6EA08D1CFC13AD00480993 /* Supporting Files */ = {
			isa = PBXGroup;
			children = (
				2A6EA08E1CFC13AD00480993 /* main.m */,
			);
			name = "Supporting Files";
			sourceTree = "<group>";
		};
		2A6EA0A61CFC13AD00480993 /* YKAFNExtensionTests */ = {
			isa = PBXGroup;
			children = (
				2A6EA0A71CFC13AD00480993 /* YKAFNExtensionTests.m */,
				2A6EA0A91CFC13AD00480993 /* Info.plist */,
			);
			path = YKAFNExtensionTests;
			sourceTree = "<group>";
		};
		2A6EA0B11CFC13AD00480993 /* YKAFNExtensionUITests */ = {
			isa = PBXGroup;
			children = (
				2A6EA0B21CFC13AD00480993 /* YKAFNExtensionUITests.m */,
				2A6EA0B41CFC13AD00480993 /* Info.plist */,
			);
			path = YKAFNExtensionUITests;
			sourceTree = "<group>";
		};
		2A6EA0C61CFC13FB00480993 /* AFNetworking */ = {
			isa = PBXGroup;
			children = (
				2A6EA0C71CFC13FB00480993 /* AFHTTPSessionManager.h */,
				2A6EA0C81CFC13FB00480993 /* AFHTTPSessionManager.m */,
				2A6EA0C91CFC13FB00480993 /* AFNetworking.h */,
				2A6EA0CA1CFC13FB00480993 /* AFNetworkReachabilityManager.h */,
				2A6EA0CB1CFC13FB00480993 /* AFNetworkReachabilityManager.m */,
				2A6EA0CC1CFC13FB00480993 /* AFSecurityPolicy.h */,
				2A6EA0CD1CFC13FB00480993 /* AFSecurityPolicy.m */,
				2A6EA0CE1CFC13FB00480993 /* AFURLRequestSerialization.h */,
				2A6EA0CF1CFC13FB00480993 /* AFURLRequestSerialization.m */,
				2A6EA0D01CFC13FB00480993 /* AFURLResponseSerialization.h */,
				2A6EA0D11CFC13FB00480993 /* AFURLResponseSerialization.m */,
				2A6EA0D21CFC13FB00480993 /* AFURLSessionManager.h */,
				2A6EA0D31CFC13FB00480993 /* AFURLSessionManager.m */,
			);
			path = AFNetworking;
			sourceTree = "<group>";
		};
		2A6EA0DA1CFC140D00480993 /* YKAFNExtension */ = {
			isa = PBXGroup;
			children = (
				2A6EA0C61CFC13FB00480993 /* AFNetworking */,
				2A6EA0C01CFC13ED00480993 /* Reachability.h */,
				2A6EA0C11CFC13ED00480993 /* Reachability.m */,
				2A6EA0C21CFC13ED00480993 /* YKDataTaskManger.h */,
				2A6EA0C31CFC13ED00480993 /* YKDataTaskManger.m */,
			);
			name = YKAFNExtension;
			sourceTree = "<group>";
		};
/* End PBXGroup section */

/* Begin PBXNativeTarget section */
		2A6EA0891CFC13AD00480993 /* YKAFNExtension */ = {
			isa = PBXNativeTarget;
			buildConfigurationList = 2A6EA0B71CFC13AD00480993 /* Build configuration list for PBXNativeTarget "YKAFNExtension" */;
			buildPhases = (
				2A6EA0861CFC13AD00480993 /* Sources */,
				2A6EA0871CFC13AD00480993 /* Frameworks */,
				2A6EA0881CFC13AD00480993 /* Resources */,
			);
			buildRules = (
			);
			dependencies = (
			);
			name = YKAFNExtension;
			productName = YKAFNExtension;
			productReference = 2A6EA08A1CFC13AD00480993 /* YKAFNExtension.app */;
			productType = "com.apple.product-type.application";
		};
		2A6EA0A21CFC13AD00480993 /* YKAFNExtensionTests */ = {
			isa = PBXNativeTarget;
			buildConfigurationList = 2A6EA0BA1CFC13AD00480993 /* Build configuration list for PBXNativeTarget "YKAFNExtensionTests" */;
			buildPhases = (
				2A6EA09F1CFC13AD00480993 /* Sources */,
				2A6EA0A01CFC13AD00480993 /* Frameworks */,
				2A6EA0A11CFC13AD00480993 /* Resources */,
			);
			buildRules = (
			);
			dependencies = (
				2A6EA0A51CFC13AD00480993 /* PBXTargetDependency */,
			);
			name = YKAFNExtensionTests;
			productName = YKAFNExtensionTests;
			productReference = 2A6EA0A31CFC13AD00480993 /* YKAFNExtensionTests.xctest */;
			productType = "com.apple.product-type.bundle.unit-test";
		};
		2A6EA0AD1CFC13AD00480993 /* YKAFNExtensionUITests */ = {
			isa = PBXNativeTarget;
			buildConfigurationList = 2A6EA0BD1CFC13AD00480993 /* Build configuration list for PBXNativeTarget "YKAFNExtensionUITests" */;
			buildPhases = (
				2A6EA0AA1CFC13AD00480993 /* Sources */,
				2A6EA0AB1CFC13AD00480993 /* Frameworks */,
				2A6EA0AC1CFC13AD00480993 /* Resources */,
			);
			buildRules = (
			);
			dependencies = (
				2A6EA0B01CFC13AD00480993 /* PBXTargetDependency */,
			);
			name = YKAFNExtensionUITests;
			productName = YKAFNExtensionUITests;
			productReference = 2A6EA0AE1CFC13AD00480993 /* YKAFNExtensionUITests.xctest */;
			productType = "com.apple.product-type.bundle.ui-testing";
		};
/* End PBXNativeTarget section */

/* Begin PBXProject section */
		2A6EA0821CFC13AD00480993 /* Project object */ = {
			isa = PBXProject;
			attributes = {
				LastUpgradeCheck = 0720;
				ORGANIZATIONNAME = "凯";
				TargetAttributes = {
					2A6EA0891CFC13AD00480993 = {
						CreatedOnToolsVersion = 7.2;
					};
					2A6EA0A21CFC13AD00480993 = {
						CreatedOnToolsVersion = 7.2;
						TestTargetID = 2A6EA0891CFC13AD00480993;
					};
					2A6EA0AD1CFC13AD00480993 = {
						CreatedOnToolsVersion = 7.2;
						TestTargetID = 2A6EA0891CFC13AD00480993;
					};
				};
			};
			buildConfigurationList = 2A6EA0851CFC13AD00480993 /* Build configuration list for PBXProject "YKAFNExtension" */;
			compatibilityVersion = "Xcode 3.2";
			developmentRegion = English;
			hasScannedForEncodings = 0;
			knownRegions = (
				en,
				Base,
			);
			mainGroup = 2A6EA0811CFC13AD00480993;
			productRefGroup = 2A6EA08B1CFC13AD00480993 /* Products */;
			projectDirPath = "";
			projectRoot = "";
			targets = (
				2A6EA0891CFC13AD00480993 /* YKAFNExtension */,
				2A6EA0A21CFC13AD00480993 /* YKAFNExtensionTests */,
				2A6EA0AD1CFC13AD00480993 /* YKAFNExtensionUITests */,
			);
		};
/* End PBXProject section */

/* Begin PBXResourcesBuildPhase section */
		2A6EA0881CFC13AD00480993 /* Resources */ = {
			isa = PBXResourcesBuildPhase;
			buildActionMask = 2147483647;
			files = (
				2A6EA09D1CFC13AD00480993 /* LaunchScreen.storyboard in Resources */,
				2A6EA09A1CFC13AD00480993 /* Assets.xcassets in Resources */,
				2A6EA0981CFC13AD00480993 /* Main.storyboard in Resources */,
			);
			runOnlyForDeploymentPostprocessing = 0;
		};
		2A6EA0A11CFC13AD00480993 /* Resources */ = {
			isa = PBXResourcesBuildPhase;
			buildActionMask = 2147483647;
			files = (
			);
			runOnlyForDeploymentPostprocessing = 0;
		};
		2A6EA0AC1CFC13AD00480993 /* Resources */ = {
			isa = PBXResourcesBuildPhase;
			buildActionMask = 2147483647;
			files = (
			);
			runOnlyForDeploymentPostprocessing = 0;
		};
/* End PBXResourcesBuildPhase section */

/* Begin PBXSourcesBuildPhase section */
		2A6EA0861CFC13AD00480993 /* Sources */ = {
			isa = PBXSourcesBuildPhase;
			buildActionMask = 2147483647;
			files = (
				2A6EA0D71CFC13FB00480993 /* AFURLRequestSerialization.m in Sources */,
				2A6EA0951CFC13AD00480993 /* ViewController.m in Sources */,
				2A6EA0921CFC13AD00480993 /* AppDelegate.m in Sources */,
				2A6EA0C41CFC13ED00480993 /* Reachability.m in Sources */,
				2A6EA0D91CFC13FB00480993 /* AFURLSessionManager.m in Sources */,
				2A6EA0D81CFC13FB00480993 /* AFURLResponseSerialization.m in Sources */,
				2A6EA0D51CFC13FB00480993 /* AFNetworkReachabilityManager.m in Sources */,
				2A6EA0D61CFC13FB00480993 /* AFSecurityPolicy.m in Sources */,
				2A6EA0D41CFC13FB00480993 /* AFHTTPSessionManager.m in Sources */,
				2A6EA0C51CFC13ED00480993 /* YKDataTaskManger.m in Sources */,
				2A6EA08F1CFC13AD00480993 /* main.m in Sources */,
			);
			runOnlyForDeploymentPostprocessing = 0;
		};
		2A6EA09F1CFC13AD00480993 /* Sources */ = {
			isa = PBXSourcesBuildPhase;
			buildActionMask = 2147483647;
			files = (
				2A6EA0A81CFC13AD00480993 /* YKAFNExtensionTests.m in Sources */,
			);
			runOnlyForDeploymentPostprocessing = 0;
		};
		2A6EA0AA1CFC13AD00480993 /* Sources */ = {
			isa = PBXSourcesBuildPhase;
			buildActionMask = 2147483647;
			files = (
				2A6EA0B31CFC13AD00480993 /* YKAFNExtensionUITests.m in Sources */,
			);
			runOnlyForDeploymentPostprocessing = 0;
		};
/* End PBXSourcesBuildPhase section */

/* Begin PBXTargetDependency section */
		2A6EA0A51CFC13AD00480993 /* PBXTargetDependency */ = {
			isa = PBXTargetDependency;
			target = 2A6EA0891CFC13AD00480993 /* YKAFNExtension */;
			targetProxy = 2A6EA0A41CFC13AD00480993 /* PBXContainerItemProxy */;
		};
		2A6EA0B01CFC13AD00480993 /* PBXTargetDependency */ = {
			isa = PBXTargetDependency;
			target = 2A6EA0891CFC13AD00480993 /* YKAFNExtension */;
			targetProxy = 2A6EA0AF1CFC13AD00480993 /* PBXContainerItemProxy */;
		};
/* End PBXTargetDependency section */

/* Begin PBXVariantGroup section */
		2A6EA0961CFC13AD00480993 /* Main.storyboard */ = {
			isa = PBXVariantGroup;
			children = (
				2A6EA0971CFC13AD00480993 /* Base */,
			);
			name = Main.storyboard;
			sourceTree = "<group>";
		};
		2A6EA09B1CFC13AD00480993 /* LaunchScreen.storyboard */ = {
			isa = PBXVariantGroup;
			children = (
				2A6EA09C1CFC13AD00480993 /* Base */,
			);
			name = LaunchScreen.storyboard;
			sourceTree = "<group>";
		};
/* End PBXVariantGroup section */

/* Begin XCBuildConfiguration section */
		2A6EA0B51CFC13AD00480993 /* Debug */ = {
			isa = XCBuildConfiguration;
			buildSettings = {
				ALWAYS_SEARCH_USER_PATHS = NO;
				CLANG_CXX_LANGUAGE_STANDARD = "gnu++0x";
				CLANG_CXX_LIBRARY = "libc++";
				CLANG_ENABLE_MODULES = YES;
				CLANG_ENABLE_OBJC_ARC = YES;
				CLANG_WARN_BOOL_CONVERSION = YES;
				CLANG_WARN_CONSTANT_CONVERSION = YES;
				CLANG_WARN_DIRECT_OBJC_ISA_USAGE = YES_ERROR;
				CLANG_WARN_EMPTY_BODY = YES;
				CLANG_WARN_ENUM_CONVERSION = YES;
				CLANG_WARN_INT_CONVERSION = YES;
				CLANG_WARN_OBJC_ROOT_CLASS = YES_ERROR;
				CLANG_WARN_UNREACHABLE_CODE = YES;
				CLANG_WARN__DUPLICATE_METHOD_MATCH = YES;
				"CODE_SIGN_IDENTITY[sdk=iphoneos*]" = "iPhone Developer";
				COPY_PHASE_STRIP = NO;
				DEBUG_INFORMATION_FORMAT = dwarf;
				ENABLE_STRICT_OBJC_MSGSEND = YES;
				ENABLE_TESTABILITY = YES;
				GCC_C_LANGUAGE_STANDARD = gnu99;
				GCC_DYNAMIC_NO_PIC = NO;
				GCC_NO_COMMON_BLOCKS = YES;
				GCC_OPTIMIZATION_LEVEL = 0;
				GCC_PREPROCESSOR_DEFINITIONS = (
					"DEBUG=1",
					"$(inherited)",
				);
				GCC_WARN_64_TO_32_BIT_CONVERSION = YES;
				GCC_WARN_ABOUT_RETURN_TYPE = YES_ERROR;
				GCC_WARN_UNDECLARED_SELECTOR = YES;
				GCC_WARN_UNINITIALIZED_AUTOS = YES_AGGRESSIVE;
				GCC_WARN_UNUSED_FUNCTION = YES;
				GCC_WARN_UNUSED_VARIABLE = YES;
				IPHONEOS_DEPLOYMENT_TARGET = 9.2;
				MTL_ENABLE_DEBUG_INFO = YES;
				ONLY_ACTIVE_ARCH = YES;
				SDKROOT = iphoneos;
			};
			name = Debug;
		};
		2A6EA0B61CFC13AD00480993 /* Release */ = {
			isa = XCBuildConfiguration;
			buildSettings = {
				ALWAYS_SEARCH_USER_PATHS = NO;
				CLANG_CXX_LANGUAGE_STANDARD = "gnu++0x";
				CLANG_CXX_LIBRARY = "libc++";
				CLANG_ENABLE_MODULES = YES;
				CLANG_ENABLE_OBJC_ARC = YES;
				CLANG_WARN_BOOL_CONVERSION = YES;
				CLANG_WARN_CONSTANT_CONVERSION = YES;
				CLANG_WARN_DIRECT_OBJC_ISA_USAGE = YES_ERROR;
				CLANG_WARN_EMPTY_BODY = YES;
				CLANG_WARN_ENUM_CONVERSION = YES;
				CLANG_WARN_INT_CONVERSION = YES;
				CLANG_WARN_OBJC_ROOT_CLASS = YES_ERROR;
				CLANG_WARN_UNREACHABLE_CODE = YES;
				CLANG_WARN__DUPLICATE_METHOD_MATCH = YES;
				"CODE_SIGN_IDENTITY[sdk=iphoneos*]" = "iPhone Developer";
				COPY_PHASE_STRIP = NO;
				DEBUG_INFORMATION_FORMAT = "dwarf-with-dsym";
				ENABLE_NS_ASSERTIONS = NO;
				ENABLE_STRICT_OBJC_MSGSEND = YES;
				GCC_C_LANGUAGE_STANDARD = gnu99;
				GCC_NO_COMMON_BLOCKS = YES;
				GCC_WARN_64_TO_32_BIT_CONVERSION = YES;
				GCC_WARN_ABOUT_RETURN_TYPE = YES_ERROR;
				GCC_WARN_UNDECLARED_SELECTOR = YES;
				GCC_WARN_UNINITIALIZED_AUTOS = YES_AGGRESSIVE;
				GCC_WARN_UNUSED_FUNCTION = YES;
				GCC_WARN_UNUSED_VARIABLE = YES;
				IPHONEOS_DEPLOYMENT_TARGET = 9.2;
				MTL_ENABLE_DEBUG_INFO = NO;
				SDKROOT = iphoneos;
				VALIDATE_PRODUCT = YES;
			};
			name = Release;
		};
		2A6EA0B81CFC13AD00480993 /* Debug */ = {
			isa = XCBuildConfiguration;
			buildSettings = {
				ASSETCATALOG_COMPILER_APPICON_NAME = AppIcon;
				INFOPLIST_FILE = YKAFNExtension/Info.plist;
				LD_RUNPATH_SEARCH_PATHS = "$(inherited) @executable_path/Frameworks";
				PRODUCT_BUNDLE_IDENTIFIER = com.liyongkai.www.YKAFNExtension;
				PRODUCT_NAME = "$(TARGET_NAME)";
			};
			name = Debug;
		};
		2A6EA0B91CFC13AD00480993 /* Release */ = {
			isa = XCBuildConfiguration;
			buildSettings = {
				ASSETCATALOG_COMPILER_APPICON_NAME = AppIcon;
				INFOPLIST_FILE = YKAFNExtension/Info.plist;
				LD_RUNPATH_SEARCH_PATHS = "$(inherited) @executable_path/Frameworks";
				PRODUCT_BUNDLE_IDENTIFIER = com.liyongkai.www.YKAFNExtension;
				PRODUCT_NAME = "$(TARGET_NAME)";
			};
			name = Release;
		};
		2A6EA0BB1CFC13AD00480993 /* Debug */ = {
			isa = XCBuildConfiguration;
			buildSettings = {
				BUNDLE_LOADER = "$(TEST_HOST)";
				INFOPLIST_FILE = YKAFNExtensionTests/Info.plist;
				LD_RUNPATH_SEARCH_PATHS = "$(inherited) @executable_path/Frameworks @loader_path/Frameworks";
				PRODUCT_BUNDLE_IDENTIFIER = com.liyongkai.www.YKAFNExtensionTests;
				PRODUCT_NAME = "$(TARGET_NAME)";
				TEST_HOST = "$(BUILT_PRODUCTS_DIR)/YKAFNExtension.app/YKAFNExtension";
			};
			name = Debug;
		};
		2A6EA0BC1CFC13AD00480993 /* Release */ = {
			isa = XCBuildConfiguration;
			buildSettings = {
				BUNDLE_LOADER = "$(TEST_HOST)";
				INFOPLIST_FILE = YKAFNExtensionTests/Info.plist;
				LD_RUNPATH_SEARCH_PATHS = "$(inherited) @executable_path/Frameworks @loader_path/Frameworks";
				PRODUCT_BUNDLE_IDENTIFIER = com.liyongkai.www.YKAFNExtensionTests;
				PRODUCT_NAME = "$(TARGET_NAME)";
				TEST_HOST = "$(BUILT_PRODUCTS_DIR)/YKAFNExtension.app/YKAFNExtension";
			};
			name = Release;
		};
		2A6EA0BE1CFC13AD00480993 /* Debug */ = {
			isa = XCBuildConfiguration;
			buildSettings = {
				INFOPLIST_FILE = YKAFNExtensionUITests/Info.plist;
				LD_RUNPATH_SEARCH_PATHS = "$(inherited) @executable_path/Frameworks @loader_path/Frameworks";
				PRODUCT_BUNDLE_IDENTIFIER = com.liyongkai.www.YKAFNExtensionUITests;
				PRODUCT_NAME = "$(TARGET_NAME)";
				TEST_TARGET_NAME = YKAFNExtension;
				USES_XCTRUNNER = YES;
			};
			name = Debug;
		};
		2A6EA0BF1CFC13AD00480993 /* Release */ = {
			isa = XCBuildConfiguration;
			buildSettings = {
				INFOPLIST_FILE = YKAFNExtensionUITests/Info.plist;
				LD_RUNPATH_SEARCH_PATHS = "$(inherited) @executable_path/Frameworks @loader_path/Frameworks";
				PRODUCT_BUNDLE_IDENTIFIER = com.liyongkai.www.YKAFNExtensionUITests;
				PRODUCT_NAME = "$(TARGET_NAME)";
				TEST_TARGET_NAME = YKAFNExtension;
				USES_XCTRUNNER = YES;
			};
			name = Release;
		};
/* End XCBuildConfiguration section */

/* Begin XCConfigurationList section */
		2A6EA0851CFC13AD00480993 /* Build configuration list for PBXProject "YKAFNExtension" */ = {
			isa = XCConfigurationList;
			buildConfigurations = (
				2A6EA0B51CFC13AD00480993 /* Debug */,
				2A6EA0B61CFC13AD00480993 /* Release */,
			);
			defaultConfigurationIsVisible = 0;
			defaultConfigurationName = Release;
		};
		2A6EA0B71CFC13AD00480993 /* Build configuration list for PBXNativeTarget "YKAFNExtension" */ = {
			isa = XCConfigurationList;
			buildConfigurations = (
				2A6EA0B81CFC13AD00480993 /* Debug */,
				2A6EA0B91CFC13AD00480993 /* Release */,
			);
			defaultConfigurationIsVisible = 0;
		};
		2A6EA0BA1CFC13AD00480993 /* Build configuration list for PBXNativeTarget "YKAFNExtensionTests" */ = {
			isa = XCConfigurationList;
			buildConfigurations = (
				2A6EA0BB1CFC13AD00480993 /* Debug */,
				2A6EA0BC1CFC13AD00480993 /* Release */,
			);
			defaultConfigurationIsVisible = 0;
		};
		2A6EA0BD1CFC13AD00480993 /* Build configuration list for PBXNativeTarget "YKAFNExtensionUITests" */ = {
			isa = XCConfigurationList;
			buildConfigurations = (
				2A6EA0BE1CFC13AD00480993 /* Debug */,
				2A6EA0BF1CFC13AD00480993 /* Release */,
			);
			defaultConfigurationIsVisible = 0;
		};
/* End XCConfigurationList section */
	};
	rootObject = 2A6EA0821CFC13AD00480993 /* Project object */;
}
